# This file was autogenerated by Stack.
# You should not edit this file by hand.
# For more information, please see the documentation at:
#   https://docs.haskellstack.org/en/stable/lock_files

packages: []
snapshots:
- completed:
    size: 524789
    url: https://raw.githubusercontent.com/commercialhaskell/stackage-snapshots/master/lts/14/8.yaml
    sha256: 8af5eb80734f02621d37e82cc0cde614af2ddc9c320610acb0b1b6d9ac162930
  original: lts-14.8
